// !$*UTF8*$!
{
	archiveVersion = 1;
	classes = {
	};
	objectVersion = 55;
	objects = {

/* Begin PBXBuildFile section */
		916EFC4728D964A9006624B8 /* Assets.xcassets in Resources */ = {isa = PBXBuildFile; fileRef = 916EFC4628D964A9006624B8 /* Assets.xcassets */; };
		916EFC4928D96AA7006624B8 /* DetailViewController.swift in Sources */ = {isa = PBXBuildFile; fileRef = 916EFC4828D96AA7006624B8 /* DetailViewController.swift */; };
		91850FBA28D85EA400E27E8F /* AppDelegate.swift in Sources */ = {isa = PBXBuildFile; fileRef = 91850FB928D85EA400E27E8F /* AppDelegate.swift */; };
		91850FBC28D85EA400E27E8F /* SceneDelegate.swift in Sources */ = {isa = PBXBuildFile; fileRef = 91850FBB28D85EA400E27E8F /* SceneDelegate.swift */; };
		91850FBE28D85EA400E27E8F /* ViewController.swift in Sources */ = {isa = PBXBuildFile; fileRef = 91850FBD28D85EA400E27E8F /* ViewController.swift */; };
		91850FC128D85EA400E27E8F /* Main.storyboard in Resources */ = {isa = PBXBuildFile; fileRef = 91850FBF28D85EA400E27E8F /* Main.storyboard */; };
		91850FC628D85EA600E27E8F /* LaunchScreen.storyboard in Resources */ = {isa = PBXBuildFile; fileRef = 91850FC428D85EA600E27E8F /* LaunchScreen.storyboard */; };
		91850FCF28D8601800E27E8F /* UIImage+Ext.swift in Sources */ = {isa = PBXBuildFile; fileRef = 91850FCE28D8601800E27E8F /* UIImage+Ext.swift */; };
		91B951D228D866C100D870CC /* CustomCollectionViewCell.swift in Sources */ = {isa = PBXBuildFile; fileRef = 91B951D028D866C100D870CC /* CustomCollectionViewCell.swift */; };
		91B951D328D866C100D870CC /* CustomCollectionViewCell.xib in Resources */ = {isa = PBXBuildFile; fileRef = 91B951D128D866C100D870CC /* CustomCollectionViewCell.xib */; };
		91B951D628D8785000D870CC /* HeaderCollectionReusableView.swift in Sources */ = {isa = PBXBuildFile; fileRef = 91B951D428D8785000D870CC /* HeaderCollectionReusableView.swift */; };
		91B951D728D8785000D870CC /* HeaderCollectionReusableView.xib in Resources */ = {isa = PBXBuildFile; fileRef = 91B951D528D8785000D870CC /* HeaderCollectionReusableView.xib */; };
/* End PBXBuildFile section */

/* Begin PBXFileReference section */
		916EFC4628D964A9006624B8 /* Assets.xcassets */ = {isa = PBXFileReference; lastKnownFileType = folder.assetcatalog; path = Assets.xcassets; sourceTree = "<group>"; };
		916EFC4828D96AA7006624B8 /* DetailViewController.swift */ = {isa = PBXFileReference; lastKnownFileType = sourcecode.swift; path = DetailViewController.swift; sourceTree = "<group>"; };
		91850FB628D85EA400E27E8F /* CollectionViewAssignment.app */ = {isa = PBXFileReference; explicitFileType = wrapper.application; includeInIndex = 0; path = CollectionViewAssignment.app; sourceTree = BUILT_PRODUCTS_DIR; };
		91850FB928D85EA400E27E8F /* AppDelegate.swift */ = {isa = PBXFileReference; lastKnownFileType = sourcecode.swift; path = AppDelegate.swift; sourceTree = "<group>"; };
		91850FBB28D85EA400E27E8F /* SceneDelegate.swift */ = {isa = PBXFileReference; lastKnownFileType = sourcecode.swift; path = SceneDelegate.swift; sourceTree = "<group>"; };
		91850FBD28D85EA400E27E8F /* ViewController.swift */ = {isa = PBXFileReference; lastKnownFileType = sourcecode.swift; path = ViewController.swift; sourceTree = "<group>"; };
		91850FC028D85EA400E27E8F /* Base */ = {isa = PBXFileReference; lastKnownFileType = file.storyboard; name = Base; path = Base.lproj/Main.storyboard; sourceTree = "<group>"; };
		91850FC528D85EA600E27E8F /* Base */ = {isa = PBXFileReference; lastKnownFileType = file.storyboard; name = Base; path = Base.lproj/LaunchScreen.storyboard; sourceTree = "<group>"; };
		91850FC728D85EA600E27E8F /* Info.plist */ = {isa = PBXFileReference; lastKnownFileType = text.plist.xml; path = Info.plist; sourceTree = "<group>"; };
		91850FCE28D8601800E27E8F /* UIImage+Ext.swift */ = {isa = PBXFileReference; lastKnownFileType = sourcecode.swift; path = "UIImage+Ext.swift"; sourceTree = "<group>"; };
		91B951D028D866C100D870CC /* CustomCollectionViewCell.swift */ = {isa = PBXFileReference; lastKnownFileType = sourcecode.swift; path = CustomCollectionViewCell.swift; sourceTree = "<group>"; };
		91B951D128D866C100D870CC /* CustomCollectionViewCell.xib */ = {isa = PBXFileReference; lastKnownFileType = file.xib; path = CustomCollectionViewCell.xib; sourceTree = "<group>"; };
		91B951D428D8785000D870CC /* HeaderCollectionReusableView.swift */ = {isa = PBXFileReference; lastKnownFileType = sourcecode.swift; path = HeaderCollectionReusableView.swift; sourceTree = "<group>"; };
		91B951D528D8785000D870CC /* HeaderCollectionReusableView.xib */ = {isa = PBXFileReference; lastKnownFileType = file.xib; path = HeaderCollectionReusableView.xib; sourceTree = "<group>"; };
/* End PBXFileReference section */

/* Begin PBXFrameworksBuildPhase section */
		91850FB328D85EA400E27E8F /* Frameworks */ = {
			isa = PBXFrameworksBuildPhase;
			buildActionMask = 2147483647;
			files = (
			);
			runOnlyForDeploymentPostprocessing = 0;
		};
/* End PBXFrameworksBuildPhase section */

/* Begin PBXGroup section */
		91850FAD28D85EA400E27E8F = {
			isa = PBXGroup;
			children = (
				91850FB828D85EA400E27E8F /* CollectionViewAssignment */,
				91850FB728D85EA400E27E8F /* Products */,
			);
			sourceTree = "<group>";
		};
		91850FB728D85EA400E27E8F /* Products */ = {
			isa = PBXGroup;
			children = (
				91850FB628D85EA400E27E8F /* CollectionViewAssignment.app */,
			);
			name = Products;
			sourceTree = "<group>";
		};
		91850FB828D85EA400E27E8F /* CollectionViewAssignment */ = {
			isa = PBXGroup;
			children = (
				91850FCD28D8600100E27E8F /* Extensions */,
				91850FB928D85EA400E27E8F /* AppDelegate.swift */,
				91850FBB28D85EA400E27E8F /* SceneDelegate.swift */,
				91850FBD28D85EA400E27E8F /* ViewController.swift */,
				91850FBF28D85EA400E27E8F /* Main.storyboard */,
				91850FC428D85EA600E27E8F /* LaunchScreen.storyboard */,
				916EFC4628D964A9006624B8 /* Assets.xcassets */,
				91850FC728D85EA600E27E8F /* Info.plist */,
				91B951D028D866C100D870CC /* CustomCollectionViewCell.swift */,
				91B951D128D866C100D870CC /* CustomCollectionViewCell.xib */,
				91B951D428D8785000D870CC /* HeaderCollectionReusableView.swift */,
				91B951D528D8785000D870CC /* HeaderCollectionReusableView.xib */,
				916EFC4828D96AA7006624B8 /* DetailViewController.swift */,
			);
			path = CollectionViewAssignment;
			sourceTree = "<group>";
		};
		91850FCD28D8600100E27E8F /* Extensions */ = {
			isa = PBXGroup;
			children = (
				91850FCE28D8601800E27E8F /* UIImage+Ext.swift */,
			);
			path = Extensions;
			sourceTree = "<group>";
		};
/* End PBXGroup section */

/* Begin PBXNativeTarget section */
		91850FB528D85EA400E27E8F /* CollectionViewAssignment */ = {
			isa = PBXNativeTarget;
			buildConfigurationList = 91850FCA28D85EA600E27E8F /* Build configuration list for PBXNativeTarget "CollectionViewAssignment" */;
			buildPhases = (
				91850FB228D85EA400E27E8F /* Sources */,
				91850FB328D85EA400E27E8F /* Frameworks */,
				91850FB428D85EA400E27E8F /* Resources */,
			);
			buildRules = (
			);
			dependencies = (
			);
			name = CollectionViewAssignment;
			productName = CollectionViewAssignment;
			productReference = 91850FB628D85EA400E27E8F /* CollectionViewAssignment.app */;
			productType = "com.apple.product-type.application";
		};
/* End PBXNativeTarget section */

/* Begin PBXProject section */
		91850FAE28D85EA400E27E8F /* Project object */ = {
			isa = PBXProject;
			attributes = {
				BuildIndependentTargetsInParallel = 1;
				LastSwiftUpdateCheck = 1340;
				LastUpgradeCheck = 1340;
				TargetAttributes = {
					91850FB528D85EA400E27E8F = {
						CreatedOnToolsVersion = 13.4.1;
					};
				};
			};
			buildConfigurationList = 91850FB128D85EA400E27E8F /* Build configuration list for PBXProject "CollectionViewAssignment" */;
			compatibilityVersion = "Xcode 13.0";
			developmentRegion = en;
			hasScannedForEncodings = 0;
			knownRegions = (
				en,
				Base,
			);
			mainGroup = 91850FAD28D85EA400E27E8F;
			productRefGroup = 91850FB728D85EA400E27E8F /* Products */;
			projectDirPath = "";
			projectRoot = "";
			targets = (
				91850FB528D85EA400E27E8F /* CollectionViewAssignment */,
			);
		};
/* End PBXProject section */

/* Begin PBXResourcesBuildPhase section */
		91850FB428D85EA400E27E8F /* Resources */ = {
			isa = PBXResourcesBuildPhase;
			buildActionMask = 2147483647;
			files = (
				91850FC628D85EA600E27E8F /* LaunchScreen.storyboard in Resources */,
				91B951D728D8785000D870CC /* HeaderCollectionReusableView.xib in Resources */,
				91850FC128D85EA400E27E8F /* Main.storyboard in Resources */,
				91B951D328D866C100D870CC /* CustomCollectionViewCell.xib in Resources */,
				916EFC4728D964A9006624B8 /* Assets.xcassets in Resources */,
			);
			runOnlyForDeploymentPostprocessing = 0;
		};
/* End PBXResourcesBuildPhase section */

/* Begin PBXSourcesBuildPhase section */
		91850FB228D85EA400E27E8F /* Sources */ = {
			isa = PBXSourcesBuildPhase;
			buildActionMask = 2147483647;
			files = (
				91850FBE28D85EA400E27E8F /* ViewController.swift in Sources */,
				91B951D228D866C100D870CC /* CustomCollectionViewCell.swift in Sources */,
				91850FCF28D8601800E27E8F /* UIImage+Ext.swift in Sources */,
				91850FBA28D85EA400E27E8F /* AppDelegate.swift in Sources */,
				91B951D628D8785000D870CC /* HeaderCollectionReusableView.swift in Sources */,
				91850FBC28D85EA400E27E8F /* SceneDelegate.swift in Sources */,
				916EFC4928D96AA7006624B8 /* DetailViewController.swift in Sources */,
			);
			runOnlyForDeploymentPostprocessing = 0;
		};
/* End PBXSourcesBuildPhase section */

/* Begin PBXVariantGroup section */
		91850FBF28D85EA400E27E8F /* Main.storyboard */ = {
			isa = PBXVariantGroup;
			children = (
				91850FC028D85EA400E27E8F /* Base */,
			);
			name = Main.storyboard;
			sourceTree = "<group>";
		};
		91850FC428D85EA600E27E8F /* LaunchScreen.storyboard */ = {
			isa = PBXVariantGroup;
			children = (
				91850FC528D85EA600E27E8F /* Base */,
			);
			name = LaunchScreen.storyboard;
			sourceTree = "<group>";
		};
/* End PBXVariantGroup section */

/* Begin XCBuildConfiguration section */
		91850FC828D85EA600E27E8F /* Debug */ = {
			isa = XCBuildConfiguration;
			buildSettings = {
				ALWAYS_SEARCH_USER_PATHS = NO;
				CLANG_ANALYZER_NONNULL = YES;
				CLANG_ANALYZER_NUMBER_OBJECT_CONVERSION = YES_AGGRESSIVE;
				CLANG_CXX_LANGUAGE_STANDARD = "gnu++17";
				CLANG_ENABLE_MODULES = YES;
				CLANG_ENABLE_OBJC_ARC = YES;
				CLANG_ENABLE_OBJC_WEAK = YES;
				CLANG_WARN_BLOCK_CAPTURE_AUTORELEASING = YES;
				CLANG_WARN_BOOL_CONVERSION = YES;
				CLANG_WARN_COMMA = YES;
				CLANG_WARN_CONSTANT_CONVERSION = YES;
				CLANG_WARN_DEPRECATED_OBJC_IMPLEMENTATIONS = YES;
				CLANG_WARN_DIRECT_OBJC_ISA_USAGE = YES_ERROR;
				CLANG_WARN_DOCUMENTATION_COMMENTS = YES;
				CLANG_WARN_EMPTY_BODY = YES;
				CLANG_WARN_ENUM_CONVERSION = YES;
				CLANG_WARN_INFINITE_RECURSION = YES;
				CLANG_WARN_INT_CONVERSION = YES;
				CLANG_WARN_NON_LITERAL_NULL_CONVERSION = YES;
				CLANG_WARN_OBJC_IMPLICIT_RETAIN_SELF = YES;
				CLANG_WARN_OBJC_LITERAL_CONVERSION = YES;
				CLANG_WARN_OBJC_ROOT_CLASS = YES_ERROR;
				CLANG_WARN_QUOTED_INCLUDE_IN_FRAMEWORK_HEADER = YES;
				CLANG_WARN_RANGE_LOOP_ANALYSIS = YES;
				CLANG_WARN_STRICT_PROTOTYPES = YES;
				CLANG_WARN_SUSPICIOUS_MOVE = YES;
				CLANG_WARN_UNGUARDED_AVAILABILITY = YES_AGGRESSIVE;
				CLANG_WARN_UNREACHABLE_CODE = YES;
				CLANG_WARN__DUPLICATE_METHOD_MATCH = YES;
				COPY_PHASE_STRIP = NO;
				DEBUG_INFORMATION_FORMAT = dwarf;
				ENABLE_STRICT_OBJC_MSGSEND = YES;
				ENABLE_TESTABILITY = YES;
				GCC_C_LANGUAGE_STANDARD = gnu11;
				GCC_DYNAMIC_NO_PIC = NO;
				GCC_NO_COMMON_BLOCKS = YES;
				GCC_OPTIMIZATION_LEVEL = 0;
				GCC_PREPROCESSOR_DEFINITIONS = (
					"DEBUG=1",
					"$(inherited)",
				);
				GCC_WARN_64_TO_32_BIT_CONVERSION = YES;
				GCC_WARN_ABOUT_RETURN_TYPE = YES_ERROR;
				GCC_WARN_UNDECLARED_SELECTOR = YES;
				GCC_WARN_UNINITIALIZED_AUTOS = YES_AGGRESSIVE;
				GCC_WARN_UNUSED_FUNCTION = YES;
				GCC_WARN_UNUSED_VARIABLE = YES;
				IPHONEOS_DEPLOYMENT_TARGET = 15.5;
				MTL_ENABLE_DEBUG_INFO = INCLUDE_SOURCE;
				MTL_FAST_MATH = YES;
				ONLY_ACTIVE_ARCH = YES;
				SDKROOT = iphoneos;
				SWIFT_ACTIVE_COMPILATION_CONDITIONS = DEBUG;
				SWIFT_OPTIMIZATION_LEVEL = "-Onone";
			};
			name = Debug;
		};
		91850FC928D85EA600E27E8F /* Release */ = {
			isa = XCBuildConfiguration;
			buildSettings = {
				ALWAYS_SEARCH_USER_PATHS = NO;
				CLANG_ANALYZER_NONNULL = YES;
				CLANG_ANALYZER_NUMBER_OBJECT_CONVERSION = YES_AGGRESSIVE;
				CLANG_CXX_LANGUAGE_STANDARD = "gnu++17";
				CLANG_ENABLE_MODULES = YES;
				CLANG_ENABLE_OBJC_ARC = YES;
				CLANG_ENABLE_OBJC_WEAK = YES;
				CLANG_WARN_BLOCK_CAPTURE_AUTORELEASING = YES;
				CLANG_WARN_BOOL_CONVERSION = YES;
				CLANG_WARN_COMMA = YES;
				CLANG_WARN_CONSTANT_CONVERSION = YES;
				CLANG_WARN_DEPRECATED_OBJC_IMPLEMENTATIONS = YES;
				CLANG_WARN_DIRECT_OBJC_ISA_USAGE = YES_ERROR;
				CLANG_WARN_DOCUMENTATION_COMMENTS = YES;
				CLANG_WARN_EMPTY_BODY = YES;
				CLANG_WARN_ENUM_CONVERSION = YES;
				CLANG_WARN_INFINITE_RECURSION = YES;
				CLANG_WARN_INT_CONVERSION = YES;
				CLANG_WARN_NON_LITERAL_NULL_CONVERSION = YES;
				CLANG_WARN_OBJC_IMPLICIT_RETAIN_SELF = YES;
				CLANG_WARN_OBJC_LITERAL_CONVERSION = YES;
				CLANG_WARN_OBJC_ROOT_CLASS = YES_ERROR;
				CLANG_WARN_QUOTED_INCLUDE_IN_FRAMEWORK_HEADER = YES;
				CLANG_WARN_RANGE_LOOP_ANALYSIS = YES;
				CLANG_WARN_STRICT_PROTOTYPES = YES;
				CLANG_WARN_SUSPICIOUS_MOVE = YES;
				CLANG_WARN_UNGUARDED_AVAILABILITY = YES_AGGRESSIVE;
				CLANG_WARN_UNREACHABLE_CODE = YES;
				CLANG_WARN__DUPLICATE_METHOD_MATCH = YES;
				COPY_PHASE_STRIP = NO;
				DEBUG_INFORMATION_FORMAT = "dwarf-with-dsym";
				ENABLE_NS_ASSERTIONS = NO;
				ENABLE_STRICT_OBJC_MSGSEND = YES;
				GCC_C_LANGUAGE_STANDARD = gnu11;
				GCC_NO_COMMON_BLOCKS = YES;
				GCC_WARN_64_TO_32_BIT_CONVERSION = YES;
				GCC_WARN_ABOUT_RETURN_TYPE = YES_ERROR;
				GCC_WARN_UNDECLARED_SELECTOR = YES;
				GCC_WARN_UNINITIALIZED_AUTOS = YES_AGGRESSIVE;
				GCC_WARN_UNUSED_FUNCTION = YES;
				GCC_WARN_UNUSED_VARIABLE = YES;
				IPHONEOS_DEPLOYMENT_TARGET = 15.5;
				MTL_ENABLE_DEBUG_INFO = NO;
				MTL_FAST_MATH = YES;
				SDKROOT = iphoneos;
				SWIFT_COMPILATION_MODE = wholemodule;
				SWIFT_OPTIMIZATION_LEVEL = "-O";
				VALIDATE_PRODUCT = YES;
			};
			name = Release;
		};
		91850FCB28D85EA600E27E8F /* Debug */ = {
			isa = XCBuildConfiguration;
			buildSettings = {
				ASSETCATALOG_COMPILER_APPICON_NAME = AppIcon;
				ASSETCATALOG_COMPILER_GLOBAL_ACCENT_COLOR_NAME = AccentColor;
				CODE_SIGN_STYLE = Automatic;
				CURRENT_PROJECT_VERSION = 1;
				DEVELOPMENT_TEAM = GCJ9CZAJR6;
				GENERATE_INFOPLIST_FILE = YES;
				INFOPLIST_FILE = CollectionViewAssignment/Info.plist;
				INFOPLIST_KEY_UIApplicationSupportsIndirectInputEvents = YES;
				INFOPLIST_KEY_UILaunchStoryboardName = LaunchScreen;
				INFOPLIST_KEY_UIMainStoryboardFile = Main;
				INFOPLIST_KEY_UISupportedInterfaceOrientations_iPad = "UIInterfaceOrientationPortrait UIInterfaceOrientationPortraitUpsideDown UIInterfaceOrientationLandscapeLeft UIInterfaceOrientationLandscapeRight";
				INFOPLIST_KEY_UISupportedInterfaceOrientations_iPhone = "UIInterfaceOrientationPortrait UIInterfaceOrientationLandscapeLeft UIInterfaceOrientationLandscapeRight";
				LD_RUNPATH_SEARCH_PATHS = (
					"$(inherited)",
					"@executable_path/Frameworks",
				);
				MARKETING_VERSION = 1.0;
				PRODUCT_BUNDLE_IDENTIFIER = com.krishk.CollectionViewAssignment;
				PRODUCT_NAME = "$(TARGET_NAME)";
				SWIFT_EMIT_LOC_STRINGS = YES;
				SWIFT_VERSION = 5.0;
				TARGETED_DEVICE_FAMILY = "1,2";
			};
			name = Debug;
		};
		91850FCC28D85EA600E27E8F /* Release */ = {
			isa = XCBuildConfiguration;
			buildSettings = {
				ASSETCATALOG_COMPILER_APPICON_NAME = AppIcon;
				ASSETCATALOG_COMPILER_GLOBAL_ACCENT_COLOR_NAME = AccentColor;
				CODE_SIGN_STYLE = Automatic;
				CURRENT_PROJECT_VERSION = 1;
				DEVELOPMENT_TEAM = GCJ9CZAJR6;
				GENERATE_INFOPLIST_FILE = YES;
				INFOPLIST_FILE = CollectionViewAssignment/Info.plist;
				INFOPLIST_KEY_UIApplicationSupportsIndirectInputEvents = YES;
				INFOPLIST_KEY_UILaunchStoryboardName = LaunchScreen;
				INFOPLIST_KEY_UIMainStoryboardFile = Main;
				INFOPLIST_KEY_UISupportedInterfaceOrientations_iPad = "UIInterfaceOrientationPortrait UIInterfaceOrientationPortraitUpsideDown UIInterfaceOrientationLandscapeLeft UIInterfaceOrientationLandscapeRight";
				INFOPLIST_KEY_UISupportedInterfaceOrientations_iPhone = "UIInterfaceOrientationPortrait UIInterfaceOrientationLandscapeLeft UIInterfaceOrientationLandscapeRight";
				LD_RUNPATH_SEARCH_PATHS = (
					"$(inherited)",
					"@executable_path/Frameworks",
				);
				MARKETING_VERSION = 1.0;
				PRODUCT_BUNDLE_IDENTIFIER = com.krishk.CollectionViewAssignment;
				PRODUCT_NAME = "$(TARGET_NAME)";
				SWIFT_EMIT_LOC_STRINGS = YES;
				SWIFT_VERSION = 5.0;
				TARGETED_DEVICE_FAMILY = "1,2";
			};
			name = Release;
		};
/* End XCBuildConfiguration section */

/* Begin XCConfigurationList section */
		91850FB128D85EA400E27E8F /* Build configuration list for PBXProject "CollectionViewAssignment" */ = {
			isa = XCConfigurationList;
			buildConfigurations = (
				91850FC828D85EA600E27E8F /* Debug */,
				91850FC928D85EA600E27E8F /* Release */,
			);
			defaultConfigurationIsVisible = 0;
			defaultConfigurationName = Release;
		};
		91850FCA28D85EA600E27E8F /* Build configuration list for PBXNativeTarget "CollectionViewAssignment" */ = {
			isa = XCConfigurationList;
			buildConfigurations = (
				91850FCB28D85EA600E27E8F /* Debug */,
				91850FCC28D85EA600E27E8F /* Release */,
			);
			defaultConfigurationIsVisible = 0;
			defaultConfigurationName = Release;
		};
/* End XCConfigurationList section */
	};
	rootObject = 91850FAE28D85EA400E27E8F /* Project object */;
}
